
Microsoft Visual Studio Solution File, Format Version 12.00
# Visual Studio Version 16
VisualStudioVersion = 16.0.29709.97
MinimumVisualStudioVersion = 10.0.40219.1
Project("{FAE04EC0-301F-11D3-BF4B-00C04F79EFBC}") = "RTD Wormhole", "RTD Wormhole Client\RTD Wormhole Client.csproj", "{12FBB794-399E-4487-A0FE-1D3BA497261C}"
EndProject
Global
	GlobalSection(SolutionConfigurationPlatforms) = preSolution
		Debug|Any CPU = Debug|Any CPU
		Release|Any CPU = Release|Any CPU
	EndGlobalSection
	GlobalSection(ProjectConfigurationPlatforms) = postSolution
		{12FBB794-399E-4487-A0FE-1D3BA497261C}.Debug|Any CPU.ActiveCfg = Debug|Any CPU
		{12FBB794-399E-4487-A0FE-1D3BA497261C}.Debug|Any CPU.Build.0 = Debug|Any CPU
		{12FBB794-399E-4487-A0FE-1D3BA497261C}.Release|Any CPU.ActiveCfg = Release|Any CPU
		{12FBB794-399E-4487-A0FE-1D3BA497261C}.Release|Any CPU.Build.0 = Release|Any CPU
	EndGlobalSection
	GlobalSection(SolutionProperties) = preSolution
		HideSolutionNode = FALSE
	EndGlobalSection
	GlobalSection(ExtensibilityGlobals) = postSolution
		SolutionGuid = {BE2356A9-F765-4AB7-B921-E1F1BDD052AE}
	EndGlobalSection
EndGlobal
